// !$*UTF8*$!
{
	archiveVersion = 1;
	classes = {
	};
	objectVersion = 50;
	objects = {

/* Begin PBXBuildFile section */
		942840C4228B2C79002F88F7 /* Assets.xcassets in Resources */ = {isa = PBXBuildFile; fileRef = 942840B6228B2C79002F88F7 /* Assets.xcassets */; };
		942840C5228B2C79002F88F7 /* LaunchScreen.storyboard in Resources */ = {isa = PBXBuildFile; fileRef = 942840B7228B2C79002F88F7 /* LaunchScreen.storyboard */; };
		942840C6228B2C79002F88F7 /* quote.json in Resources */ = {isa = PBXBuildFile; fileRef = 942840B9228B2C79002F88F7 /* quote.json */; };
		942840C9228B2C79002F88F7 /* AppCoordinator.swift in Sources */ = {isa = PBXBuildFile; fileRef = 942840BD228B2C79002F88F7 /* AppCoordinator.swift */; };
		942840CA228B2C79002F88F7 /* AppDelegate.swift in Sources */ = {isa = PBXBuildFile; fileRef = 942840BE228B2C79002F88F7 /* AppDelegate.swift */; };
		942840CB228B2C79002F88F7 /* DataService.swift in Sources */ = {isa = PBXBuildFile; fileRef = 942840C0228B2C79002F88F7 /* DataService.swift */; };
		942840CC228B2C79002F88F7 /* Quote.swift in Sources */ = {isa = PBXBuildFile; fileRef = 942840C2228B2C79002F88F7 /* Quote.swift */; };
		942840CE228B2D85002F88F7 /* TodayViewController.swift in Sources */ = {isa = PBXBuildFile; fileRef = 942840CD228B2D85002F88F7 /* TodayViewController.swift */; };
		942840D0228B2DA1002F88F7 /* Today.storyboard in Resources */ = {isa = PBXBuildFile; fileRef = 942840CF228B2DA1002F88F7 /* Today.storyboard */; };
		942840D3228B2EA4002F88F7 /* Navigator.swift in Sources */ = {isa = PBXBuildFile; fileRef = 942840D2228B2EA4002F88F7 /* Navigator.swift */; };
		942840D6228B2EEC002F88F7 /* UIViewController+extensions.swift in Sources */ = {isa = PBXBuildFile; fileRef = 942840D5228B2EEB002F88F7 /* UIViewController+extensions.swift */; };
		942840D8228B35BC002F88F7 /* NasaModel.swift in Sources */ = {isa = PBXBuildFile; fileRef = 942840D7228B35BC002F88F7 /* NasaModel.swift */; };
		942840DA228B37E1002F88F7 /* URL+Extensions.swift in Sources */ = {isa = PBXBuildFile; fileRef = 942840D9228B37E1002F88F7 /* URL+Extensions.swift */; };
		942840DC228B3839002F88F7 /* Data+Extensions.swift in Sources */ = {isa = PBXBuildFile; fileRef = 942840DB228B3839002F88F7 /* Data+Extensions.swift */; };
		942840DE228B3B9C002F88F7 /* Date+Extensions.swift in Sources */ = {isa = PBXBuildFile; fileRef = 942840DD228B3B9C002F88F7 /* Date+Extensions.swift */; };
		942840E1228B4399002F88F7 /* TodayTableViewModel.swift in Sources */ = {isa = PBXBuildFile; fileRef = 942840E0228B4399002F88F7 /* TodayTableViewModel.swift */; };
		942840E3228B5309002F88F7 /* NasaCell.swift in Sources */ = {isa = PBXBuildFile; fileRef = 942840E2228B5309002F88F7 /* NasaCell.swift */; };
		942840E5228B5B98002F88F7 /* TodayCalendarViewModel.swift in Sources */ = {isa = PBXBuildFile; fileRef = 942840E4228B5B98002F88F7 /* TodayCalendarViewModel.swift */; };
		942840E9228B5EB1002F88F7 /* ImageViewController.swift in Sources */ = {isa = PBXBuildFile; fileRef = 942840E8228B5EB1002F88F7 /* ImageViewController.swift */; };
/* End PBXBuildFile section */

/* Begin PBXFileReference section */
		942840B6228B2C79002F88F7 /* Assets.xcassets */ = {isa = PBXFileReference; lastKnownFileType = folder.assetcatalog; path = Assets.xcassets; sourceTree = "<group>"; };
		942840B8228B2C79002F88F7 /* Base */ = {isa = PBXFileReference; lastKnownFileType = file.storyboard; name = Base; path = Base.lproj/LaunchScreen.storyboard; sourceTree = "<group>"; };
		942840B9228B2C79002F88F7 /* quote.json */ = {isa = PBXFileReference; fileEncoding = 4; lastKnownFileType = text.json; path = quote.json; sourceTree = "<group>"; };
		942840BB228B2C79002F88F7 /* Info.plist */ = {isa = PBXFileReference; fileEncoding = 4; lastKnownFileType = text.plist.xml; path = Info.plist; sourceTree = "<group>"; };
		942840BD228B2C79002F88F7 /* AppCoordinator.swift */ = {isa = PBXFileReference; fileEncoding = 4; lastKnownFileType = sourcecode.swift; path = AppCoordinator.swift; sourceTree = "<group>"; };
		942840BE228B2C79002F88F7 /* AppDelegate.swift */ = {isa = PBXFileReference; fileEncoding = 4; lastKnownFileType = sourcecode.swift; path = AppDelegate.swift; sourceTree = "<group>"; };
		942840C0228B2C79002F88F7 /* DataService.swift */ = {isa = PBXFileReference; fileEncoding = 4; lastKnownFileType = sourcecode.swift; path = DataService.swift; sourceTree = "<group>"; };
		942840C2228B2C79002F88F7 /* Quote.swift */ = {isa = PBXFileReference; fileEncoding = 4; lastKnownFileType = sourcecode.swift; path = Quote.swift; sourceTree = "<group>"; };
		942840CD228B2D85002F88F7 /* TodayViewController.swift */ = {isa = PBXFileReference; lastKnownFileType = sourcecode.swift; path = TodayViewController.swift; sourceTree = "<group>"; };
		942840CF228B2DA1002F88F7 /* Today.storyboard */ = {isa = PBXFileReference; lastKnownFileType = file.storyboard; path = Today.storyboard; sourceTree = "<group>"; };
		942840D2228B2EA4002F88F7 /* Navigator.swift */ = {isa = PBXFileReference; fileEncoding = 4; lastKnownFileType = sourcecode.swift; path = Navigator.swift; sourceTree = "<group>"; };
		942840D5228B2EEB002F88F7 /* UIViewController+extensions.swift */ = {isa = PBXFileReference; fileEncoding = 4; lastKnownFileType = sourcecode.swift; path = "UIViewController+extensions.swift"; sourceTree = "<group>"; };
		942840D7228B35BC002F88F7 /* NasaModel.swift */ = {isa = PBXFileReference; lastKnownFileType = sourcecode.swift; path = NasaModel.swift; sourceTree = "<group>"; };
		942840D9228B37E1002F88F7 /* URL+Extensions.swift */ = {isa = PBXFileReference; lastKnownFileType = sourcecode.swift; path = "URL+Extensions.swift"; sourceTree = "<group>"; };
		942840DB228B3839002F88F7 /* Data+Extensions.swift */ = {isa = PBXFileReference; lastKnownFileType = sourcecode.swift; path = "Data+Extensions.swift"; sourceTree = "<group>"; };
		942840DD228B3B9C002F88F7 /* Date+Extensions.swift */ = {isa = PBXFileReference; lastKnownFileType = sourcecode.swift; path = "Date+Extensions.swift"; sourceTree = "<group>"; };
		942840E0228B4399002F88F7 /* TodayTableViewModel.swift */ = {isa = PBXFileReference; lastKnownFileType = sourcecode.swift; path = TodayTableViewModel.swift; sourceTree = "<group>"; };
		942840E2228B5309002F88F7 /* NasaCell.swift */ = {isa = PBXFileReference; lastKnownFileType = sourcecode.swift; path = NasaCell.swift; sourceTree = "<group>"; };
		942840E4228B5B98002F88F7 /* TodayCalendarViewModel.swift */ = {isa = PBXFileReference; lastKnownFileType = sourcecode.swift; path = TodayCalendarViewModel.swift; sourceTree = "<group>"; };
		942840E8228B5EB1002F88F7 /* ImageViewController.swift */ = {isa = PBXFileReference; lastKnownFileType = sourcecode.swift; path = ImageViewController.swift; sourceTree = "<group>"; };
		94C855FD2289D99000A22393 /* Challenge.app */ = {isa = PBXFileReference; explicitFileType = wrapper.application; includeInIndex = 0; path = Challenge.app; sourceTree = BUILT_PRODUCTS_DIR; };
/* End PBXFileReference section */

/* Begin PBXFrameworksBuildPhase section */
		94C855FA2289D99000A22393 /* Frameworks */ = {
			isa = PBXFrameworksBuildPhase;
			buildActionMask = 2147483647;
			files = (
			);
			runOnlyForDeploymentPostprocessing = 0;
		};
/* End PBXFrameworksBuildPhase section */

/* Begin PBXGroup section */
		942840B5228B2C79002F88F7 /* Project */ = {
			isa = PBXGroup;
			children = (
				942840B6228B2C79002F88F7 /* Assets.xcassets */,
				942840BB228B2C79002F88F7 /* Info.plist */,
				942840B7228B2C79002F88F7 /* LaunchScreen.storyboard */,
				942840B9228B2C79002F88F7 /* quote.json */,
			);
			path = Project;
			sourceTree = "<group>";
		};
		942840BC228B2C79002F88F7 /* Source */ = {
			isa = PBXGroup;
			children = (
				942840BD228B2C79002F88F7 /* AppCoordinator.swift */,
				942840BE228B2C79002F88F7 /* AppDelegate.swift */,
				942840D1228B2EA4002F88F7 /* Common */,
				942840BF228B2C79002F88F7 /* DataService */,
				942840C1228B2C79002F88F7 /* Models */,
				942840C3228B2C79002F88F7 /* ViewControllers */,
				942840DF228B4369002F88F7 /* ViewModel */,
			);
			path = Source;
			sourceTree = "<group>";
		};
		942840BF228B2C79002F88F7 /* DataService */ = {
			isa = PBXGroup;
			children = (
				942840C0228B2C79002F88F7 /* DataService.swift */,
			);
			path = DataService;
			sourceTree = "<group>";
		};
		942840C1228B2C79002F88F7 /* Models */ = {
			isa = PBXGroup;
			children = (
				942840C2228B2C79002F88F7 /* Quote.swift */,
				942840D7228B35BC002F88F7 /* NasaModel.swift */,
			);
			path = Models;
			sourceTree = "<group>";
		};
		942840C3228B2C79002F88F7 /* ViewControllers */ = {
			isa = PBXGroup;
			children = (
				942840E8228B5EB1002F88F7 /* ImageViewController.swift */,
				942840E2228B5309002F88F7 /* NasaCell.swift */,
				942840CF228B2DA1002F88F7 /* Today.storyboard */,
				942840CD228B2D85002F88F7 /* TodayViewController.swift */,
			);
			path = ViewControllers;
			sourceTree = "<group>";
		};
		942840D1228B2EA4002F88F7 /* Common */ = {
			isa = PBXGroup;
			children = (
				942840D4228B2EEB002F88F7 /* Extensions */,
				942840D2228B2EA4002F88F7 /* Navigator.swift */,
			);
			path = Common;
			sourceTree = "<group>";
		};
		942840D4228B2EEB002F88F7 /* Extensions */ = {
			isa = PBXGroup;
			children = (
				942840DB228B3839002F88F7 /* Data+Extensions.swift */,
				942840DD228B3B9C002F88F7 /* Date+Extensions.swift */,
				942840D5228B2EEB002F88F7 /* UIViewController+extensions.swift */,
				942840D9228B37E1002F88F7 /* URL+Extensions.swift */,
			);
			path = Extensions;
			sourceTree = "<group>";
		};
		942840DF228B4369002F88F7 /* ViewModel */ = {
			isa = PBXGroup;
			children = (
				942840E0228B4399002F88F7 /* TodayTableViewModel.swift */,
				942840E4228B5B98002F88F7 /* TodayCalendarViewModel.swift */,
			);
			path = ViewModel;
			sourceTree = "<group>";
		};
		94C855F42289D99000A22393 = {
			isa = PBXGroup;
			children = (
				94C855FF2289D99000A22393 /* Challenge */,
				94C855FE2289D99000A22393 /* Products */,
			);
			sourceTree = "<group>";
		};
		94C855FE2289D99000A22393 /* Products */ = {
			isa = PBXGroup;
			children = (
				94C855FD2289D99000A22393 /* Challenge.app */,
			);
			name = Products;
			sourceTree = "<group>";
		};
		94C855FF2289D99000A22393 /* Challenge */ = {
			isa = PBXGroup;
			children = (
				942840B5228B2C79002F88F7 /* Project */,
				942840BC228B2C79002F88F7 /* Source */,
			);
			path = Challenge;
			sourceTree = "<group>";
		};
/* End PBXGroup section */

/* Begin PBXNativeTarget section */
		94C855FC2289D99000A22393 /* Challenge */ = {
			isa = PBXNativeTarget;
			buildConfigurationList = 94C8560F2289D99200A22393 /* Build configuration list for PBXNativeTarget "Challenge" */;
			buildPhases = (
				94C855F92289D99000A22393 /* Sources */,
				94C855FA2289D99000A22393 /* Frameworks */,
				94C855FB2289D99000A22393 /* Resources */,
			);
			buildRules = (
			);
			dependencies = (
			);
			name = Challenge;
			productName = Challenge;
			productReference = 94C855FD2289D99000A22393 /* Challenge.app */;
			productType = "com.apple.product-type.application";
		};
/* End PBXNativeTarget section */

/* Begin PBXProject section */
		94C855F52289D99000A22393 /* Project object */ = {
			isa = PBXProject;
			attributes = {
				LastSwiftUpdateCheck = 1020;
				LastUpgradeCheck = 1020;
				ORGANIZATIONNAME = "Norman Basham";
				TargetAttributes = {
					94C855FC2289D99000A22393 = {
						CreatedOnToolsVersion = 10.2.1;
					};
				};
			};
			buildConfigurationList = 94C855F82289D99000A22393 /* Build configuration list for PBXProject "Challenge" */;
			compatibilityVersion = "Xcode 9.3";
			developmentRegion = en;
			hasScannedForEncodings = 0;
			knownRegions = (
				en,
				Base,
			);
			mainGroup = 94C855F42289D99000A22393;
			productRefGroup = 94C855FE2289D99000A22393 /* Products */;
			projectDirPath = "";
			projectRoot = "";
			targets = (
				94C855FC2289D99000A22393 /* Challenge */,
			);
		};
/* End PBXProject section */

/* Begin PBXResourcesBuildPhase section */
		94C855FB2289D99000A22393 /* Resources */ = {
			isa = PBXResourcesBuildPhase;
			buildActionMask = 2147483647;
			files = (
				942840D0228B2DA1002F88F7 /* Today.storyboard in Resources */,
				942840C4228B2C79002F88F7 /* Assets.xcassets in Resources */,
				942840C5228B2C79002F88F7 /* LaunchScreen.storyboard in Resources */,
				942840C6228B2C79002F88F7 /* quote.json in Resources */,
			);
			runOnlyForDeploymentPostprocessing = 0;
		};
/* End PBXResourcesBuildPhase section */

/* Begin PBXSourcesBuildPhase section */
		94C855F92289D99000A22393 /* Sources */ = {
			isa = PBXSourcesBuildPhase;
			buildActionMask = 2147483647;
			files = (
				942840D8228B35BC002F88F7 /* NasaModel.swift in Sources */,
				942840DE228B3B9C002F88F7 /* Date+Extensions.swift in Sources */,
				942840E5228B5B98002F88F7 /* TodayCalendarViewModel.swift in Sources */,
				942840CC228B2C79002F88F7 /* Quote.swift in Sources */,
				942840CB228B2C79002F88F7 /* DataService.swift in Sources */,
				942840D6228B2EEC002F88F7 /* UIViewController+extensions.swift in Sources */,
				942840DA228B37E1002F88F7 /* URL+Extensions.swift in Sources */,
				942840E9228B5EB1002F88F7 /* ImageViewController.swift in Sources */,
				942840CE228B2D85002F88F7 /* TodayViewController.swift in Sources */,
				942840CA228B2C79002F88F7 /* AppDelegate.swift in Sources */,
				942840C9228B2C79002F88F7 /* AppCoordinator.swift in Sources */,
				942840E1228B4399002F88F7 /* TodayTableViewModel.swift in Sources */,
				942840E3228B5309002F88F7 /* NasaCell.swift in Sources */,
				942840D3228B2EA4002F88F7 /* Navigator.swift in Sources */,
				942840DC228B3839002F88F7 /* Data+Extensions.swift in Sources */,
			);
			runOnlyForDeploymentPostprocessing = 0;
		};
/* End PBXSourcesBuildPhase section */

/* Begin PBXVariantGroup section */
		942840B7228B2C79002F88F7 /* LaunchScreen.storyboard */ = {
			isa = PBXVariantGroup;
			children = (
				942840B8228B2C79002F88F7 /* Base */,
			);
			name = LaunchScreen.storyboard;
			sourceTree = "<group>";
		};
/* End PBXVariantGroup section */

/* Begin XCBuildConfiguration section */
		94C8560D2289D99200A22393 /* Debug */ = {
			isa = XCBuildConfiguration;
			buildSettings = {
				ALWAYS_SEARCH_USER_PATHS = NO;
				CLANG_ANALYZER_NONNULL = YES;
				CLANG_ANALYZER_NUMBER_OBJECT_CONVERSION = YES_AGGRESSIVE;
				CLANG_CXX_LANGUAGE_STANDARD = "gnu++14";
				CLANG_CXX_LIBRARY = "libc++";
				CLANG_ENABLE_MODULES = YES;
				CLANG_ENABLE_OBJC_ARC = YES;
				CLANG_ENABLE_OBJC_WEAK = YES;
				CLANG_WARN_BLOCK_CAPTURE_AUTORELEASING = YES;
				CLANG_WARN_BOOL_CONVERSION = YES;
				CLANG_WARN_COMMA = YES;
				CLANG_WARN_CONSTANT_CONVERSION = YES;
				CLANG_WARN_DEPRECATED_OBJC_IMPLEMENTATIONS = YES;
				CLANG_WARN_DIRECT_OBJC_ISA_USAGE = YES_ERROR;
				CLANG_WARN_DOCUMENTATION_COMMENTS = YES;
				CLANG_WARN_EMPTY_BODY = YES;
				CLANG_WARN_ENUM_CONVERSION = YES;
				CLANG_WARN_INFINITE_RECURSION = YES;
				CLANG_WARN_INT_CONVERSION = YES;
				CLANG_WARN_NON_LITERAL_NULL_CONVERSION = YES;
				CLANG_WARN_OBJC_IMPLICIT_RETAIN_SELF = YES;
				CLANG_WARN_OBJC_LITERAL_CONVERSION = YES;
				CLANG_WARN_OBJC_ROOT_CLASS = YES_ERROR;
				CLANG_WARN_RANGE_LOOP_ANALYSIS = YES;
				CLANG_WARN_STRICT_PROTOTYPES = YES;
				CLANG_WARN_SUSPICIOUS_MOVE = YES;
				CLANG_WARN_UNGUARDED_AVAILABILITY = YES_AGGRESSIVE;
				CLANG_WARN_UNREACHABLE_CODE = YES;
				CLANG_WARN__DUPLICATE_METHOD_MATCH = YES;
				CODE_SIGN_IDENTITY = "iPhone Developer";
				COPY_PHASE_STRIP = NO;
				DEBUG_INFORMATION_FORMAT = dwarf;
				ENABLE_STRICT_OBJC_MSGSEND = YES;
				ENABLE_TESTABILITY = YES;
				GCC_C_LANGUAGE_STANDARD = gnu11;
				GCC_DYNAMIC_NO_PIC = NO;
				GCC_NO_COMMON_BLOCKS = YES;
				GCC_OPTIMIZATION_LEVEL = 0;
				GCC_PREPROCESSOR_DEFINITIONS = (
					"DEBUG=1",
					"$(inherited)",
				);
				GCC_WARN_64_TO_32_BIT_CONVERSION = YES;
				GCC_WARN_ABOUT_RETURN_TYPE = YES_ERROR;
				GCC_WARN_UNDECLARED_SELECTOR = YES;
				GCC_WARN_UNINITIALIZED_AUTOS = YES_AGGRESSIVE;
				GCC_WARN_UNUSED_FUNCTION = YES;
				GCC_WARN_UNUSED_VARIABLE = YES;
				IPHONEOS_DEPLOYMENT_TARGET = 12.2;
				MTL_ENABLE_DEBUG_INFO = INCLUDE_SOURCE;
				MTL_FAST_MATH = YES;
				ONLY_ACTIVE_ARCH = YES;
				SDKROOT = iphoneos;
				SWIFT_ACTIVE_COMPILATION_CONDITIONS = DEBUG;
				SWIFT_OPTIMIZATION_LEVEL = "-Onone";
			};
			name = Debug;
		};
		94C8560E2289D99200A22393 /* Release */ = {
			isa = XCBuildConfiguration;
			buildSettings = {
				ALWAYS_SEARCH_USER_PATHS = NO;
				CLANG_ANALYZER_NONNULL = YES;
				CLANG_ANALYZER_NUMBER_OBJECT_CONVERSION = YES_AGGRESSIVE;
				CLANG_CXX_LANGUAGE_STANDARD = "gnu++14";
				CLANG_CXX_LIBRARY = "libc++";
				CLANG_ENABLE_MODULES = YES;
				CLANG_ENABLE_OBJC_ARC = YES;
				CLANG_ENABLE_OBJC_WEAK = YES;
				CLANG_WARN_BLOCK_CAPTURE_AUTORELEASING = YES;
				CLANG_WARN_BOOL_CONVERSION = YES;
				CLANG_WARN_COMMA = YES;
				CLANG_WARN_CONSTANT_CONVERSION = YES;
				CLANG_WARN_DEPRECATED_OBJC_IMPLEMENTATIONS = YES;
				CLANG_WARN_DIRECT_OBJC_ISA_USAGE = YES_ERROR;
				CLANG_WARN_DOCUMENTATION_COMMENTS = YES;
				CLANG_WARN_EMPTY_BODY = YES;
				CLANG_WARN_ENUM_CONVERSION = YES;
				CLANG_WARN_INFINITE_RECURSION = YES;
				CLANG_WARN_INT_CONVERSION = YES;
				CLANG_WARN_NON_LITERAL_NULL_CONVERSION = YES;
				CLANG_WARN_OBJC_IMPLICIT_RETAIN_SELF = YES;
				CLANG_WARN_OBJC_LITERAL_CONVERSION = YES;
				CLANG_WARN_OBJC_ROOT_CLASS = YES_ERROR;
				CLANG_WARN_RANGE_LOOP_ANALYSIS = YES;
				CLANG_WARN_STRICT_PROTOTYPES = YES;
				CLANG_WARN_SUSPICIOUS_MOVE = YES;
				CLANG_WARN_UNGUARDED_AVAILABILITY = YES_AGGRESSIVE;
				CLANG_WARN_UNREACHABLE_CODE = YES;
				CLANG_WARN__DUPLICATE_METHOD_MATCH = YES;
				CODE_SIGN_IDENTITY = "iPhone Developer";
				COPY_PHASE_STRIP = NO;
				DEBUG_INFORMATION_FORMAT = "dwarf-with-dsym";
				ENABLE_NS_ASSERTIONS = NO;
				ENABLE_STRICT_OBJC_MSGSEND = YES;
				GCC_C_LANGUAGE_STANDARD = gnu11;
				GCC_NO_COMMON_BLOCKS = YES;
				GCC_WARN_64_TO_32_BIT_CONVERSION = YES;
				GCC_WARN_ABOUT_RETURN_TYPE = YES_ERROR;
				GCC_WARN_UNDECLARED_SELECTOR = YES;
				GCC_WARN_UNINITIALIZED_AUTOS = YES_AGGRESSIVE;
				GCC_WARN_UNUSED_FUNCTION = YES;
				GCC_WARN_UNUSED_VARIABLE = YES;
				IPHONEOS_DEPLOYMENT_TARGET = 12.2;
				MTL_ENABLE_DEBUG_INFO = NO;
				MTL_FAST_MATH = YES;
				SDKROOT = iphoneos;
				SWIFT_COMPILATION_MODE = wholemodule;
				SWIFT_OPTIMIZATION_LEVEL = "-O";
				VALIDATE_PRODUCT = YES;
			};
			name = Release;
		};
		94C856102289D99200A22393 /* Debug */ = {
			isa = XCBuildConfiguration;
			buildSettings = {
				ASSETCATALOG_COMPILER_APPICON_NAME = AppIcon;
				CODE_SIGN_STYLE = Automatic;
				DEVELOPMENT_TEAM = BGR2CU5KFK;
				INFOPLIST_FILE = Challenge/Project/Info.plist;
				LD_RUNPATH_SEARCH_PATHS = (
					"$(inherited)",
					"@executable_path/Frameworks",
				);
				PRODUCT_BUNDLE_IDENTIFIER = blacklabs.Challenge;
				PRODUCT_NAME = "$(TARGET_NAME)";
				SWIFT_VERSION = 5.0;
				TARGETED_DEVICE_FAMILY = "1,2";
			};
			name = Debug;
		};
		94C856112289D99200A22393 /* Release */ = {
			isa = XCBuildConfiguration;
			buildSettings = {
				ASSETCATALOG_COMPILER_APPICON_NAME = AppIcon;
				CODE_SIGN_STYLE = Automatic;
				DEVELOPMENT_TEAM = BGR2CU5KFK;
				INFOPLIST_FILE = Challenge/Project/Info.plist;
				LD_RUNPATH_SEARCH_PATHS = (
					"$(inherited)",
					"@executable_path/Frameworks",
				);
				PRODUCT_BUNDLE_IDENTIFIER = blacklabs.Challenge;
				PRODUCT_NAME = "$(TARGET_NAME)";
				SWIFT_VERSION = 5.0;
				TARGETED_DEVICE_FAMILY = "1,2";
			};
			name = Release;
		};
/* End XCBuildConfiguration section */

/* Begin XCConfigurationList section */
		94C855F82289D99000A22393 /* Build configuration list for PBXProject "Challenge" */ = {
			isa = XCConfigurationList;
			buildConfigurations = (
				94C8560D2289D99200A22393 /* Debug */,
				94C8560E2289D99200A22393 /* Release */,
			);
			defaultConfigurationIsVisible = 0;
			defaultConfigurationName = Release;
		};
		94C8560F2289D99200A22393 /* Build configuration list for PBXNativeTarget "Challenge" */ = {
			isa = XCConfigurationList;
			buildConfigurations = (
				94C856102289D99200A22393 /* Debug */,
				94C856112289D99200A22393 /* Release */,
			);
			defaultConfigurationIsVisible = 0;
			defaultConfigurationName = Release;
		};
/* End XCConfigurationList section */
	};
	rootObject = 94C855F52289D99000A22393 /* Project object */;
}
